
Microsoft Visual Studio Solution File, Format Version 12.00
# Visual Studio Version 17
VisualStudioVersion = 17.4.33122.133
MinimumVisualStudioVersion = 10.0.40219.1
Project("{FAE04EC0-301F-11D3-BF4B-00C04F79EFBC}") = "GiftShop", "GiftShop\GiftShop.csproj", "{FD712AC6-8E51-4E3B-917C-56B1F4BA9BE5}"
EndProject
Global
	GlobalSection(SolutionConfigurationPlatforms) = preSolution
		Debug|Any CPU = Debug|Any CPU
		Release|Any CPU = Release|Any CPU
	EndGlobalSection
	GlobalSection(ProjectConfigurationPlatforms) = postSolution
		{FD712AC6-8E51-4E3B-917C-56B1F4BA9BE5}.Debug|Any CPU.ActiveCfg = Debug|Any CPU
		{FD712AC6-8E51-4E3B-917C-56B1F4BA9BE5}.Debug|Any CPU.Build.0 = Debug|Any CPU
		{FD712AC6-8E51-4E3B-917C-56B1F4BA9BE5}.Release|Any CPU.ActiveCfg = Release|Any CPU
		{FD712AC6-8E51-4E3B-917C-56B1F4BA9BE5}.Release|Any CPU.Build.0 = Release|Any CPU
	EndGlobalSection
	GlobalSection(SolutionProperties) = preSolution
		HideSolutionNode = FALSE
	EndGlobalSection
	GlobalSection(ExtensibilityGlobals) = postSolution
		SolutionGuid = {B011B7FC-D844-48F9-A1B3-F4FA416CCBCD}
	EndGlobalSection
EndGlobal
